
Microsoft Visual Studio Solution File, Format Version 12.00
# Visual Studio Version 16
VisualStudioVersion = 16.0.31729.503
MinimumVisualStudioVersion = 10.0.40219.1
Project("{FAE04EC0-301F-11D3-BF4B-00C04F79EFBC}") = "CursoCSharp", "CursoCSharp\CursoCSharp.csproj", "{1FC22097-4A8C-40D7-8C34-D22C8CC9CA57}"
EndProject
Project("{FAE04EC0-301F-11D3-BF4B-00C04F79EFBC}") = "Encapsulamento1", "Encapsulamento1\Encapsulamento1.csproj", "{0DB9BDE7-93C8-40D9-94CD-DFA3445A4F6F}"
EndProject
Global
	GlobalSection(SolutionConfigurationPlatforms) = preSolution
		Debug|Any CPU = Debug|Any CPU
		Release|Any CPU = Release|Any CPU
	EndGlobalSection
	GlobalSection(ProjectConfigurationPlatforms) = postSolution
		{1FC22097-4A8C-40D7-8C34-D22C8CC9CA57}.Debug|Any CPU.ActiveCfg = Debug|Any CPU
		{1FC22097-4A8C-40D7-8C34-D22C8CC9CA57}.Debug|Any CPU.Build.0 = Debug|Any CPU
		{1FC22097-4A8C-40D7-8C34-D22C8CC9CA57}.Release|Any CPU.ActiveCfg = Release|Any CPU
		{1FC22097-4A8C-40D7-8C34-D22C8CC9CA57}.Release|Any CPU.Build.0 = Release|Any CPU
		{0DB9BDE7-93C8-40D9-94CD-DFA3445A4F6F}.Debug|Any CPU.ActiveCfg = Debug|Any CPU
		{0DB9BDE7-93C8-40D9-94CD-DFA3445A4F6F}.Debug|Any CPU.Build.0 = Debug|Any CPU
		{0DB9BDE7-93C8-40D9-94CD-DFA3445A4F6F}.Release|Any CPU.ActiveCfg = Release|Any CPU
		{0DB9BDE7-93C8-40D9-94CD-DFA3445A4F6F}.Release|Any CPU.Build.0 = Release|Any CPU
	EndGlobalSection
	GlobalSection(SolutionProperties) = preSolution
		HideSolutionNode = FALSE
	EndGlobalSection
	GlobalSection(ExtensibilityGlobals) = postSolution
		SolutionGuid = {0D85B7F3-F28F-4D61-A93C-274B6A1AF774}
	EndGlobalSection
EndGlobal
